# This file was autogenerated by Stack.
# You should not edit this file by hand.
# For more information, please see the documentation at:
#   https://docs.haskellstack.org/en/stable/lock_files

packages:
- completed:
    hackage: ginger-0.9.1.0@sha256:dc19f586eff45161a0e4f1099eb26937c45bf7c993c77d21ad27b48696b283da,3766
    pantry-tree:
      size: 1430
      sha256: 93fc946d8aec834920bb718fcd26775b208f6316d099060b068a1c00712489a0
  original:
    hackage: ginger-0.9.1.0
- completed:
    hackage: process-1.6.6.0@sha256:e5efd14b980668ed34e426f4bee3c4ad19d089b748b440f6b3823c673c2d7b78,2576
    pantry-tree:
      size: 1211
      sha256: 9bedc5518fd8c4495941383c795019cd7788ccd87c0a4ec562d8b6166b19b429
  original:
    hackage: process-1.6.6.0
- completed:
    hackage: transformers-0.5.6.2@sha256:6c959d14430f4deffb99579ba019de07c3d852a2122b6f449344386c7d75ff1d,3172
    pantry-tree:
      size: 2512
      sha256: c79246ba7d61392c2f214376fed3c2a05e4b2649b93ec2c849a86493f278ace0
  original:
    hackage: transformers-0.5.6.2
snapshots:
- completed:
    size: 495801
    url: https://raw.githubusercontent.com/commercialhaskell/stackage-snapshots/master/lts/13/11.yaml
    sha256: 835062158db2b3ebb8b9525d9662a02ebf9783e8f6a08a64684cd5546f847152
  original: lts-13.11
